
Microsoft Visual Studio Solution File, Format Version 12.00
# Visual Studio Version 17
VisualStudioVersion = 17.2.32526.322
MinimumVisualStudioVersion = 10.0.40219.1
Project("{FAE04EC0-301F-11D3-BF4B-00C04F79EFBC}") = "SocialApp.Web", "SocialApp.Web\SocialApp.Web.csproj", "{0C4382D6-B1D7-4C32-B75D-E9920303A4DB}"
EndProject
Global
	GlobalSection(SolutionConfigurationPlatforms) = preSolution
		Debug|Any CPU = Debug|Any CPU
		Release|Any CPU = Release|Any CPU
	EndGlobalSection
	GlobalSection(ProjectConfigurationPlatforms) = postSolution
		{0C4382D6-B1D7-4C32-B75D-E9920303A4DB}.Debug|Any CPU.ActiveCfg = Debug|Any CPU
		{0C4382D6-B1D7-4C32-B75D-E9920303A4DB}.Debug|Any CPU.Build.0 = Debug|Any CPU
		{0C4382D6-B1D7-4C32-B75D-E9920303A4DB}.Release|Any CPU.ActiveCfg = Release|Any CPU
		{0C4382D6-B1D7-4C32-B75D-E9920303A4DB}.Release|Any CPU.Build.0 = Release|Any CPU
	EndGlobalSection
	GlobalSection(SolutionProperties) = preSolution
		HideSolutionNode = FALSE
	EndGlobalSection
	GlobalSection(ExtensibilityGlobals) = postSolution
		SolutionGuid = {61F77F29-9E1A-4429-A674-39EC39983BE2}
	EndGlobalSection
EndGlobal
